# THIS IS AN AUTOGENERATED FILE. DO NOT EDIT THIS FILE DIRECTLY.
# yarn lockfile v1


"@kurkle/color@^0.3.0":
  "integrity" "sha512-fuscdXJ9G1qb7W8VdHi+IwRqij3lBkosAm4ydQtEmbY58OzHXqQhvlxqEkoz0yssNVn38bcpRWgA9PP+OGoisw=="
  "resolved" "https://registry.npmjs.org/@kurkle/color/-/color-0.3.2.tgz"
  "version" "0.3.2"

"chart.js@^4.1.1", "chart.js@^4.4.0":
  "integrity" "sha512-vQEj6d+z0dcsKLlQvbKIMYFHd3t8W/7L2vfJIbYcfyPcRx92CsHqECpueN8qVGNlKyDcr5wBrYAYKnfu/9Q1hQ=="
  "resolved" "https://registry.npmjs.org/chart.js/-/chart.js-4.4.0.tgz"
  "version" "4.4.0"
  dependencies:
    "@kurkle/color" "^0.3.0"

"react-chartjs-2@^5.2.0":
  "integrity" "sha512-98iN5aguJyVSxp5U3CblRLH67J8gkfyGNbiK3c+l1QI/G4irHMPQw44aEPmjVag+YKTyQ260NcF82GTQ3bdscA=="
  "resolved" "https://registry.npmjs.org/react-chartjs-2/-/react-chartjs-2-5.2.0.tgz"
  "version" "5.2.0"
